// !$*UTF8*$!
{
	archiveVersion = 1;
	classes = {
	};
	objectVersion = 56;
	objects = {

/* Begin PBXBuildFile section */
		010DCF8129B14F6A00C9E0F4 /* PostListViewController.swift in Sources */ = {isa = PBXBuildFile; fileRef = 010DCF8029B14F6A00C9E0F4 /* PostListViewController.swift */; };
		010DCF8329B1502400C9E0F4 /* PostTableViewCell.swift in Sources */ = {isa = PBXBuildFile; fileRef = 010DCF8229B1502400C9E0F4 /* PostTableViewCell.swift */; };
		01171D1929A65A83001BBE2F /* AppDelegate.swift in Sources */ = {isa = PBXBuildFile; fileRef = 01171D1829A65A83001BBE2F /* AppDelegate.swift */; };
		01171D1B29A65A83001BBE2F /* SceneDelegate.swift in Sources */ = {isa = PBXBuildFile; fileRef = 01171D1A29A65A83001BBE2F /* SceneDelegate.swift */; };
		01171D1D29A65A83001BBE2F /* PostViewController.swift in Sources */ = {isa = PBXBuildFile; fileRef = 01171D1C29A65A83001BBE2F /* PostViewController.swift */; };
		01171D2029A65A83001BBE2F /* Main.storyboard in Resources */ = {isa = PBXBuildFile; fileRef = 01171D1E29A65A83001BBE2F /* Main.storyboard */; };
		01171D2229A65A85001BBE2F /* Assets.xcassets in Resources */ = {isa = PBXBuildFile; fileRef = 01171D2129A65A85001BBE2F /* Assets.xcassets */; };
		01171D2529A65A85001BBE2F /* LaunchScreen.storyboard in Resources */ = {isa = PBXBuildFile; fileRef = 01171D2329A65A85001BBE2F /* LaunchScreen.storyboard */; };
		01171D3029A65A85001BBE2F /* MyRedditReaderTests.swift in Sources */ = {isa = PBXBuildFile; fileRef = 01171D2F29A65A85001BBE2F /* MyRedditReaderTests.swift */; };
		01171D3A29A65A85001BBE2F /* MyRedditReaderUITests.swift in Sources */ = {isa = PBXBuildFile; fileRef = 01171D3929A65A85001BBE2F /* MyRedditReaderUITests.swift */; };
		01171D3C29A65A85001BBE2F /* MyRedditReaderUITestsLaunchTests.swift in Sources */ = {isa = PBXBuildFile; fileRef = 01171D3B29A65A85001BBE2F /* MyRedditReaderUITestsLaunchTests.swift */; };
		014BD7B929B0FC2400F99C50 /* PostView.xib in Resources */ = {isa = PBXBuildFile; fileRef = 014BD7B829B0FC2400F99C50 /* PostView.xib */; };
		014BD7BB29B0FC9D00F99C50 /* PostView.swift in Sources */ = {isa = PBXBuildFile; fileRef = 014BD7BA29B0FC9D00F99C50 /* PostView.swift */; };
		0159F1CA29B1591400B4CABF /* PostDetailsViewController.swift in Sources */ = {isa = PBXBuildFile; fileRef = 0159F1C929B1591400B4CABF /* PostDetailsViewController.swift */; };
		0169469929AE439A001A3A5C /* String+Extensions.swift in Sources */ = {isa = PBXBuildFile; fileRef = 0169469829AE439A001A3A5C /* String+Extensions.swift */; };
		0169469B29AE43B7001A3A5C /* Double+Extensions.swift in Sources */ = {isa = PBXBuildFile; fileRef = 0169469A29AE43B7001A3A5C /* Double+Extensions.swift */; };
		0183E70A29A8FDC500238285 /* CodableData.swift in Sources */ = {isa = PBXBuildFile; fileRef = 0183E70929A8FDC500238285 /* CodableData.swift */; };
		01C82E7629BA222C00C5B88E /* PostsSaverAndLoader.swift in Sources */ = {isa = PBXBuildFile; fileRef = 01C82E7529BA222C00C5B88E /* PostsSaverAndLoader.swift */; };
		01C82E7829BA226D00C5B88E /* PostProcessorDelegate.swift in Sources */ = {isa = PBXBuildFile; fileRef = 01C82E7729BA226D00C5B88E /* PostProcessorDelegate.swift */; };
		01D0ED6629A79974007AE2D6 /* APIDataProcessor.swift in Sources */ = {isa = PBXBuildFile; fileRef = 01D0ED6529A79974007AE2D6 /* APIDataProcessor.swift */; };
		01D0ED6829A7B4F5007AE2D6 /* Post.swift in Sources */ = {isa = PBXBuildFile; fileRef = 01D0ED6729A7B4F5007AE2D6 /* Post.swift */; };
		3912D842E1E138657E36C934 /* Pods_MyRedditReader.framework in Frameworks */ = {isa = PBXBuildFile; fileRef = A4009DDE5A68E615EB12DBFF /* Pods_MyRedditReader.framework */; };
		4EB1C4294E97495C8D451348 /* Pods_MyRedditReader_MyRedditReaderUITests.framework in Frameworks */ = {isa = PBXBuildFile; fileRef = C82DC1C74A52DF1B52044478 /* Pods_MyRedditReader_MyRedditReaderUITests.framework */; };
		AEC34F3604C619B2C7695D45 /* Pods_MyRedditReaderTests.framework in Frameworks */ = {isa = PBXBuildFile; fileRef = 870CEC41E1A092395271960C /* Pods_MyRedditReaderTests.framework */; };
/* End PBXBuildFile section */

/* Begin PBXContainerItemProxy section */
		01171D2C29A65A85001BBE2F /* PBXContainerItemProxy */ = {
			isa = PBXContainerItemProxy;
			containerPortal = 01171D0D29A65A83001BBE2F /* Project object */;
			proxyType = 1;
			remoteGlobalIDString = 01171D1429A65A83001BBE2F;
			remoteInfo = MyRedditReader;
		};
		01171D3629A65A85001BBE2F /* PBXContainerItemProxy */ = {
			isa = PBXContainerItemProxy;
			containerPortal = 01171D0D29A65A83001BBE2F /* Project object */;
			proxyType = 1;
			remoteGlobalIDString = 01171D1429A65A83001BBE2F;
			remoteInfo = MyRedditReader;
		};
/* End PBXContainerItemProxy section */

/* Begin PBXFileReference section */
		010DCF8029B14F6A00C9E0F4 /* PostListViewController.swift */ = {isa = PBXFileReference; lastKnownFileType = sourcecode.swift; path = PostListViewController.swift; sourceTree = "<group>"; };
		010DCF8229B1502400C9E0F4 /* PostTableViewCell.swift */ = {isa = PBXFileReference; lastKnownFileType = sourcecode.swift; path = PostTableViewCell.swift; sourceTree = "<group>"; };
		01171D1529A65A83001BBE2F /* MyRedditReader.app */ = {isa = PBXFileReference; explicitFileType = wrapper.application; includeInIndex = 0; path = MyRedditReader.app; sourceTree = BUILT_PRODUCTS_DIR; };
		01171D1829A65A83001BBE2F /* AppDelegate.swift */ = {isa = PBXFileReference; lastKnownFileType = sourcecode.swift; path = AppDelegate.swift; sourceTree = "<group>"; };
		01171D1A29A65A83001BBE2F /* SceneDelegate.swift */ = {isa = PBXFileReference; lastKnownFileType = sourcecode.swift; path = SceneDelegate.swift; sourceTree = "<group>"; };
		01171D1C29A65A83001BBE2F /* PostViewController.swift */ = {isa = PBXFileReference; lastKnownFileType = sourcecode.swift; path = PostViewController.swift; sourceTree = "<group>"; };
		01171D1F29A65A83001BBE2F /* Base */ = {isa = PBXFileReference; lastKnownFileType = file.storyboard; name = Base; path = Base.lproj/Main.storyboard; sourceTree = "<group>"; };
		01171D2129A65A85001BBE2F /* Assets.xcassets */ = {isa = PBXFileReference; lastKnownFileType = folder.assetcatalog; path = Assets.xcassets; sourceTree = "<group>"; };
		01171D2429A65A85001BBE2F /* Base */ = {isa = PBXFileReference; lastKnownFileType = file.storyboard; name = Base; path = Base.lproj/LaunchScreen.storyboard; sourceTree = "<group>"; };
		01171D2629A65A85001BBE2F /* Info.plist */ = {isa = PBXFileReference; lastKnownFileType = text.plist.xml; path = Info.plist; sourceTree = "<group>"; };
		01171D2B29A65A85001BBE2F /* MyRedditReaderTests.xctest */ = {isa = PBXFileReference; explicitFileType = wrapper.cfbundle; includeInIndex = 0; path = MyRedditReaderTests.xctest; sourceTree = BUILT_PRODUCTS_DIR; };
		01171D2F29A65A85001BBE2F /* MyRedditReaderTests.swift */ = {isa = PBXFileReference; lastKnownFileType = sourcecode.swift; path = MyRedditReaderTests.swift; sourceTree = "<group>"; };
		01171D3529A65A85001BBE2F /* MyRedditReaderUITests.xctest */ = {isa = PBXFileReference; explicitFileType = wrapper.cfbundle; includeInIndex = 0; path = MyRedditReaderUITests.xctest; sourceTree = BUILT_PRODUCTS_DIR; };
		01171D3929A65A85001BBE2F /* MyRedditReaderUITests.swift */ = {isa = PBXFileReference; lastKnownFileType = sourcecode.swift; path = MyRedditReaderUITests.swift; sourceTree = "<group>"; };
		01171D3B29A65A85001BBE2F /* MyRedditReaderUITestsLaunchTests.swift */ = {isa = PBXFileReference; lastKnownFileType = sourcecode.swift; path = MyRedditReaderUITestsLaunchTests.swift; sourceTree = "<group>"; };
		014BD7B829B0FC2400F99C50 /* PostView.xib */ = {isa = PBXFileReference; lastKnownFileType = file.xib; path = PostView.xib; sourceTree = "<group>"; };
		014BD7BA29B0FC9D00F99C50 /* PostView.swift */ = {isa = PBXFileReference; lastKnownFileType = sourcecode.swift; path = PostView.swift; sourceTree = "<group>"; };
		0159F1C929B1591400B4CABF /* PostDetailsViewController.swift */ = {isa = PBXFileReference; lastKnownFileType = sourcecode.swift; path = PostDetailsViewController.swift; sourceTree = "<group>"; };
		0169469829AE439A001A3A5C /* String+Extensions.swift */ = {isa = PBXFileReference; lastKnownFileType = sourcecode.swift; path = "String+Extensions.swift"; sourceTree = "<group>"; };
		0169469A29AE43B7001A3A5C /* Double+Extensions.swift */ = {isa = PBXFileReference; lastKnownFileType = sourcecode.swift; path = "Double+Extensions.swift"; sourceTree = "<group>"; };
		0183E70929A8FDC500238285 /* CodableData.swift */ = {isa = PBXFileReference; lastKnownFileType = sourcecode.swift; path = CodableData.swift; sourceTree = "<group>"; };
		01C82E7529BA222C00C5B88E /* PostsSaverAndLoader.swift */ = {isa = PBXFileReference; lastKnownFileType = sourcecode.swift; path = PostsSaverAndLoader.swift; sourceTree = "<group>"; };
		01C82E7729BA226D00C5B88E /* PostProcessorDelegate.swift */ = {isa = PBXFileReference; lastKnownFileType = sourcecode.swift; path = PostProcessorDelegate.swift; sourceTree = "<group>"; };
		01D0ED6529A79974007AE2D6 /* APIDataProcessor.swift */ = {isa = PBXFileReference; lastKnownFileType = sourcecode.swift; path = APIDataProcessor.swift; sourceTree = "<group>"; };
		01D0ED6729A7B4F5007AE2D6 /* Post.swift */ = {isa = PBXFileReference; lastKnownFileType = sourcecode.swift; path = Post.swift; sourceTree = "<group>"; };
		296D44003DE300F316CCD3DA /* Pods-MyRedditReader.release.xcconfig */ = {isa = PBXFileReference; includeInIndex = 1; lastKnownFileType = text.xcconfig; name = "Pods-MyRedditReader.release.xcconfig"; path = "Target Support Files/Pods-MyRedditReader/Pods-MyRedditReader.release.xcconfig"; sourceTree = "<group>"; };
		631EC4F74B37E1A725F39D61 /* Pods-MyRedditReader-MyRedditReaderUITests.release.xcconfig */ = {isa = PBXFileReference; includeInIndex = 1; lastKnownFileType = text.xcconfig; name = "Pods-MyRedditReader-MyRedditReaderUITests.release.xcconfig"; path = "Target Support Files/Pods-MyRedditReader-MyRedditReaderUITests/Pods-MyRedditReader-MyRedditReaderUITests.release.xcconfig"; sourceTree = "<group>"; };
		7D8357C4B8DBEBDA71D48521 /* Pods-MyRedditReader.debug.xcconfig */ = {isa = PBXFileReference; includeInIndex = 1; lastKnownFileType = text.xcconfig; name = "Pods-MyRedditReader.debug.xcconfig"; path = "Target Support Files/Pods-MyRedditReader/Pods-MyRedditReader.debug.xcconfig"; sourceTree = "<group>"; };
		7F4CB591A8B52371B3364D8A /* Pods-MyRedditReaderTests.debug.xcconfig */ = {isa = PBXFileReference; includeInIndex = 1; lastKnownFileType = text.xcconfig; name = "Pods-MyRedditReaderTests.debug.xcconfig"; path = "Target Support Files/Pods-MyRedditReaderTests/Pods-MyRedditReaderTests.debug.xcconfig"; sourceTree = "<group>"; };
		870CEC41E1A092395271960C /* Pods_MyRedditReaderTests.framework */ = {isa = PBXFileReference; explicitFileType = wrapper.framework; includeInIndex = 0; path = Pods_MyRedditReaderTests.framework; sourceTree = BUILT_PRODUCTS_DIR; };
		88C233CFF3D9F2ACE3364ADA /* Pods-MyRedditReader-MyRedditReaderUITests.debug.xcconfig */ = {isa = PBXFileReference; includeInIndex = 1; lastKnownFileType = text.xcconfig; name = "Pods-MyRedditReader-MyRedditReaderUITests.debug.xcconfig"; path = "Target Support Files/Pods-MyRedditReader-MyRedditReaderUITests/Pods-MyRedditReader-MyRedditReaderUITests.debug.xcconfig"; sourceTree = "<group>"; };
		99CF5EE3626116475EAF4B88 /* Pods-MyRedditReaderTests.release.xcconfig */ = {isa = PBXFileReference; includeInIndex = 1; lastKnownFileType = text.xcconfig; name = "Pods-MyRedditReaderTests.release.xcconfig"; path = "Target Support Files/Pods-MyRedditReaderTests/Pods-MyRedditReaderTests.release.xcconfig"; sourceTree = "<group>"; };
		A4009DDE5A68E615EB12DBFF /* Pods_MyRedditReader.framework */ = {isa = PBXFileReference; explicitFileType = wrapper.framework; includeInIndex = 0; path = Pods_MyRedditReader.framework; sourceTree = BUILT_PRODUCTS_DIR; };
		C82DC1C74A52DF1B52044478 /* Pods_MyRedditReader_MyRedditReaderUITests.framework */ = {isa = PBXFileReference; explicitFileType = wrapper.framework; includeInIndex = 0; path = Pods_MyRedditReader_MyRedditReaderUITests.framework; sourceTree = BUILT_PRODUCTS_DIR; };
/* End PBXFileReference section */

/* Begin PBXFrameworksBuildPhase section */
		01171D1229A65A83001BBE2F /* Frameworks */ = {
			isa = PBXFrameworksBuildPhase;
			buildActionMask = 2147483647;
			files = (
				3912D842E1E138657E36C934 /* Pods_MyRedditReader.framework in Frameworks */,
			);
			runOnlyForDeploymentPostprocessing = 0;
		};
		01171D2829A65A85001BBE2F /* Frameworks */ = {
			isa = PBXFrameworksBuildPhase;
			buildActionMask = 2147483647;
			files = (
				AEC34F3604C619B2C7695D45 /* Pods_MyRedditReaderTests.framework in Frameworks */,
			);
			runOnlyForDeploymentPostprocessing = 0;
		};
		01171D3229A65A85001BBE2F /* Frameworks */ = {
			isa = PBXFrameworksBuildPhase;
			buildActionMask = 2147483647;
			files = (
				4EB1C4294E97495C8D451348 /* Pods_MyRedditReader_MyRedditReaderUITests.framework in Frameworks */,
			);
			runOnlyForDeploymentPostprocessing = 0;
		};
/* End PBXFrameworksBuildPhase section */

/* Begin PBXGroup section */
		01171D0C29A65A83001BBE2F = {
			isa = PBXGroup;
			children = (
				01171D1729A65A83001BBE2F /* MyRedditReader */,
				01171D2E29A65A85001BBE2F /* MyRedditReaderTests */,
				01171D3829A65A85001BBE2F /* MyRedditReaderUITests */,
				01171D1629A65A83001BBE2F /* Products */,
				07E931A577EF1D8A54AAF313 /* Pods */,
				FA9722BF30F331DAAB12C109 /* Frameworks */,
			);
			sourceTree = "<group>";
		};
		01171D1629A65A83001BBE2F /* Products */ = {
			isa = PBXGroup;
			children = (
				01171D1529A65A83001BBE2F /* MyRedditReader.app */,
				01171D2B29A65A85001BBE2F /* MyRedditReaderTests.xctest */,
				01171D3529A65A85001BBE2F /* MyRedditReaderUITests.xctest */,
			);
			name = Products;
			sourceTree = "<group>";
		};
		01171D1729A65A83001BBE2F /* MyRedditReader */ = {
			isa = PBXGroup;
			children = (
				0169469E29AE44B5001A3A5C /* Core */,
				0169469D29AE447A001A3A5C /* Presentation */,
				0169469C29AE444A001A3A5C /* AppConfig */,
				01171D2129A65A85001BBE2F /* Assets.xcassets */,
				01171D2629A65A85001BBE2F /* Info.plist */,
			);
			path = MyRedditReader;
			sourceTree = "<group>";
		};
		01171D2E29A65A85001BBE2F /* MyRedditReaderTests */ = {
			isa = PBXGroup;
			children = (
				01171D2F29A65A85001BBE2F /* MyRedditReaderTests.swift */,
			);
			path = MyRedditReaderTests;
			sourceTree = "<group>";
		};
		01171D3829A65A85001BBE2F /* MyRedditReaderUITests */ = {
			isa = PBXGroup;
			children = (
				01171D3929A65A85001BBE2F /* MyRedditReaderUITests.swift */,
				01171D3B29A65A85001BBE2F /* MyRedditReaderUITestsLaunchTests.swift */,
			);
			path = MyRedditReaderUITests;
			sourceTree = "<group>";
		};
		014BD7B729B0FBFA00F99C50 /* PostView */ = {
			isa = PBXGroup;
			children = (
				014BD7B829B0FC2400F99C50 /* PostView.xib */,
				014BD7BA29B0FC9D00F99C50 /* PostView.swift */,
			);
			path = PostView;
			sourceTree = "<group>";
		};
		0169469C29AE444A001A3A5C /* AppConfig */ = {
			isa = PBXGroup;
			children = (
				01171D1A29A65A83001BBE2F /* SceneDelegate.swift */,
				01171D1829A65A83001BBE2F /* AppDelegate.swift */,
			);
			path = AppConfig;
			sourceTree = "<group>";
		};
		0169469D29AE447A001A3A5C /* Presentation */ = {
			isa = PBXGroup;
			children = (
				014BD7B729B0FBFA00F99C50 /* PostView */,
				01171D1C29A65A83001BBE2F /* PostViewController.swift */,
				01171D1E29A65A83001BBE2F /* Main.storyboard */,
				01171D2329A65A85001BBE2F /* LaunchScreen.storyboard */,
				010DCF8029B14F6A00C9E0F4 /* PostListViewController.swift */,
				010DCF8229B1502400C9E0F4 /* PostTableViewCell.swift */,
				0159F1C929B1591400B4CABF /* PostDetailsViewController.swift */,
			);
			path = Presentation;
			sourceTree = "<group>";
		};
		0169469E29AE44B5001A3A5C /* Core */ = {
			isa = PBXGroup;
			children = (
				0169469F29AE44CF001A3A5C /* Extensions */,
				01D0ED6529A79974007AE2D6 /* APIDataProcessor.swift */,
				01D0ED6729A7B4F5007AE2D6 /* Post.swift */,
				0183E70929A8FDC500238285 /* CodableData.swift */,
				01C82E7529BA222C00C5B88E /* PostsSaverAndLoader.swift */,
				01C82E7729BA226D00C5B88E /* PostProcessorDelegate.swift */,
			);
			path = Core;
			sourceTree = "<group>";
		};
		0169469F29AE44CF001A3A5C /* Extensions */ = {
			isa = PBXGroup;
			children = (
				0169469829AE439A001A3A5C /* String+Extensions.swift */,
				0169469A29AE43B7001A3A5C /* Double+Extensions.swift */,
			);
			path = Extensions;
			sourceTree = "<group>";
		};
		07E931A577EF1D8A54AAF313 /* Pods */ = {
			isa = PBXGroup;
			children = (
				7D8357C4B8DBEBDA71D48521 /* Pods-MyRedditReader.debug.xcconfig */,
				296D44003DE300F316CCD3DA /* Pods-MyRedditReader.release.xcconfig */,
				88C233CFF3D9F2ACE3364ADA /* Pods-MyRedditReader-MyRedditReaderUITests.debug.xcconfig */,
				631EC4F74B37E1A725F39D61 /* Pods-MyRedditReader-MyRedditReaderUITests.release.xcconfig */,
				7F4CB591A8B52371B3364D8A /* Pods-MyRedditReaderTests.debug.xcconfig */,
				99CF5EE3626116475EAF4B88 /* Pods-MyRedditReaderTests.release.xcconfig */,
			);
			path = Pods;
			sourceTree = "<group>";
		};
		FA9722BF30F331DAAB12C109 /* Frameworks */ = {
			isa = PBXGroup;
			children = (
				A4009DDE5A68E615EB12DBFF /* Pods_MyRedditReader.framework */,
				C82DC1C74A52DF1B52044478 /* Pods_MyRedditReader_MyRedditReaderUITests.framework */,
				870CEC41E1A092395271960C /* Pods_MyRedditReaderTests.framework */,
			);
			name = Frameworks;
			sourceTree = "<group>";
		};
/* End PBXGroup section */

/* Begin PBXNativeTarget section */
		01171D1429A65A83001BBE2F /* MyRedditReader */ = {
			isa = PBXNativeTarget;
			buildConfigurationList = 01171D3F29A65A85001BBE2F /* Build configuration list for PBXNativeTarget "MyRedditReader" */;
			buildPhases = (
				F1F7A55836E92AB5CEC1AC83 /* [CP] Check Pods Manifest.lock */,
				01171D1129A65A83001BBE2F /* Sources */,
				01171D1229A65A83001BBE2F /* Frameworks */,
				01171D1329A65A83001BBE2F /* Resources */,
				0FCCB91A0B19FD7029E49236 /* [CP] Embed Pods Frameworks */,
			);
			buildRules = (
			);
			dependencies = (
			);
			name = MyRedditReader;
			productName = MyRedditReader;
			productReference = 01171D1529A65A83001BBE2F /* MyRedditReader.app */;
			productType = "com.apple.product-type.application";
		};
		01171D2A29A65A85001BBE2F /* MyRedditReaderTests */ = {
			isa = PBXNativeTarget;
			buildConfigurationList = 01171D4229A65A85001BBE2F /* Build configuration list for PBXNativeTarget "MyRedditReaderTests" */;
			buildPhases = (
				94972ED9A702F3EE3A2A6216 /* [CP] Check Pods Manifest.lock */,
				01171D2729A65A85001BBE2F /* Sources */,
				01171D2829A65A85001BBE2F /* Frameworks */,
				01171D2929A65A85001BBE2F /* Resources */,
			);
			buildRules = (
			);
			dependencies = (
				01171D2D29A65A85001BBE2F /* PBXTargetDependency */,
			);
			name = MyRedditReaderTests;
			productName = MyRedditReaderTests;
			productReference = 01171D2B29A65A85001BBE2F /* MyRedditReaderTests.xctest */;
			productType = "com.apple.product-type.bundle.unit-test";
		};
		01171D3429A65A85001BBE2F /* MyRedditReaderUITests */ = {
			isa = PBXNativeTarget;
			buildConfigurationList = 01171D4529A65A85001BBE2F /* Build configuration list for PBXNativeTarget "MyRedditReaderUITests" */;
			buildPhases = (
				EC070F5BB981E5BCEE00C9D4 /* [CP] Check Pods Manifest.lock */,
				01171D3129A65A85001BBE2F /* Sources */,
				01171D3229A65A85001BBE2F /* Frameworks */,
				01171D3329A65A85001BBE2F /* Resources */,
				943CF21C4D480FDB8015EAFE /* [CP] Embed Pods Frameworks */,
			);
			buildRules = (
			);
			dependencies = (
				01171D3729A65A85001BBE2F /* PBXTargetDependency */,
			);
			name = MyRedditReaderUITests;
			productName = MyRedditReaderUITests;
			productReference = 01171D3529A65A85001BBE2F /* MyRedditReaderUITests.xctest */;
			productType = "com.apple.product-type.bundle.ui-testing";
		};
/* End PBXNativeTarget section */

/* Begin PBXProject section */
		01171D0D29A65A83001BBE2F /* Project object */ = {
			isa = PBXProject;
			attributes = {
				BuildIndependentTargetsInParallel = 1;
				LastSwiftUpdateCheck = 1420;
				LastUpgradeCheck = 1420;
				TargetAttributes = {
					01171D1429A65A83001BBE2F = {
						CreatedOnToolsVersion = 14.2;
					};
					01171D2A29A65A85001BBE2F = {
						CreatedOnToolsVersion = 14.2;
						TestTargetID = 01171D1429A65A83001BBE2F;
					};
					01171D3429A65A85001BBE2F = {
						CreatedOnToolsVersion = 14.2;
						TestTargetID = 01171D1429A65A83001BBE2F;
					};
				};
			};
			buildConfigurationList = 01171D1029A65A83001BBE2F /* Build configuration list for PBXProject "MyRedditReader" */;
			compatibilityVersion = "Xcode 14.0";
			developmentRegion = en;
			hasScannedForEncodings = 0;
			knownRegions = (
				en,
				Base,
			);
			mainGroup = 01171D0C29A65A83001BBE2F;
			productRefGroup = 01171D1629A65A83001BBE2F /* Products */;
			projectDirPath = "";
			projectRoot = "";
			targets = (
				01171D1429A65A83001BBE2F /* MyRedditReader */,
				01171D2A29A65A85001BBE2F /* MyRedditReaderTests */,
				01171D3429A65A85001BBE2F /* MyRedditReaderUITests */,
			);
		};
/* End PBXProject section */

/* Begin PBXResourcesBuildPhase section */
		01171D1329A65A83001BBE2F /* Resources */ = {
			isa = PBXResourcesBuildPhase;
			buildActionMask = 2147483647;
			files = (
				01171D2529A65A85001BBE2F /* LaunchScreen.storyboard in Resources */,
				01171D2229A65A85001BBE2F /* Assets.xcassets in Resources */,
				014BD7B929B0FC2400F99C50 /* PostView.xib in Resources */,
				01171D2029A65A83001BBE2F /* Main.storyboard in Resources */,
			);
			runOnlyForDeploymentPostprocessing = 0;
		};
		01171D2929A65A85001BBE2F /* Resources */ = {
			isa = PBXResourcesBuildPhase;
			buildActionMask = 2147483647;
			files = (
			);
			runOnlyForDeploymentPostprocessing = 0;
		};
		01171D3329A65A85001BBE2F /* Resources */ = {
			isa = PBXResourcesBuildPhase;
			buildActionMask = 2147483647;
			files = (
			);
			runOnlyForDeploymentPostprocessing = 0;
		};
/* End PBXResourcesBuildPhase section */

/* Begin PBXShellScriptBuildPhase section */
		0FCCB91A0B19FD7029E49236 /* [CP] Embed Pods Frameworks */ = {
			isa = PBXShellScriptBuildPhase;
			buildActionMask = 2147483647;
			files = (
			);
			inputFileListPaths = (
				"${PODS_ROOT}/Target Support Files/Pods-MyRedditReader/Pods-MyRedditReader-frameworks-${CONFIGURATION}-input-files.xcfilelist",
			);
			name = "[CP] Embed Pods Frameworks";
			outputFileListPaths = (
				"${PODS_ROOT}/Target Support Files/Pods-MyRedditReader/Pods-MyRedditReader-frameworks-${CONFIGURATION}-output-files.xcfilelist",
			);
			runOnlyForDeploymentPostprocessing = 0;
			shellPath = /bin/sh;
			shellScript = "\"${PODS_ROOT}/Target Support Files/Pods-MyRedditReader/Pods-MyRedditReader-frameworks.sh\"\n";
			showEnvVarsInLog = 0;
		};
		943CF21C4D480FDB8015EAFE /* [CP] Embed Pods Frameworks */ = {
			isa = PBXShellScriptBuildPhase;
			buildActionMask = 2147483647;
			files = (
			);
			inputFileListPaths = (
				"${PODS_ROOT}/Target Support Files/Pods-MyRedditReader-MyRedditReaderUITests/Pods-MyRedditReader-MyRedditReaderUITests-frameworks-${CONFIGURATION}-input-files.xcfilelist",
			);
			name = "[CP] Embed Pods Frameworks";
			outputFileListPaths = (
				"${PODS_ROOT}/Target Support Files/Pods-MyRedditReader-MyRedditReaderUITests/Pods-MyRedditReader-MyRedditReaderUITests-frameworks-${CONFIGURATION}-output-files.xcfilelist",
			);
			runOnlyForDeploymentPostprocessing = 0;
			shellPath = /bin/sh;
			shellScript = "\"${PODS_ROOT}/Target Support Files/Pods-MyRedditReader-MyRedditReaderUITests/Pods-MyRedditReader-MyRedditReaderUITests-frameworks.sh\"\n";
			showEnvVarsInLog = 0;
		};
		94972ED9A702F3EE3A2A6216 /* [CP] Check Pods Manifest.lock */ = {
			isa = PBXShellScriptBuildPhase;
			buildActionMask = 2147483647;
			files = (
			);
			inputFileListPaths = (
			);
			inputPaths = (
				"${PODS_PODFILE_DIR_PATH}/Podfile.lock",
				"${PODS_ROOT}/Manifest.lock",
			);
			name = "[CP] Check Pods Manifest.lock";
			outputFileListPaths = (
			);
			outputPaths = (
				"$(DERIVED_FILE_DIR)/Pods-MyRedditReaderTests-checkManifestLockResult.txt",
			);
			runOnlyForDeploymentPostprocessing = 0;
			shellPath = /bin/sh;
			shellScript = "diff \"${PODS_PODFILE_DIR_PATH}/Podfile.lock\" \"${PODS_ROOT}/Manifest.lock\" > /dev/null\nif [ $? != 0 ] ; then\n    # print error to STDERR\n    echo \"error: The sandbox is not in sync with the Podfile.lock. Run 'pod install' or update your CocoaPods installation.\" >&2\n    exit 1\nfi\n# This output is used by Xcode 'outputs' to avoid re-running this script phase.\necho \"SUCCESS\" > \"${SCRIPT_OUTPUT_FILE_0}\"\n";
			showEnvVarsInLog = 0;
		};
		EC070F5BB981E5BCEE00C9D4 /* [CP] Check Pods Manifest.lock */ = {
			isa = PBXShellScriptBuildPhase;
			buildActionMask = 2147483647;
			files = (
			);
			inputFileListPaths = (
			);
			inputPaths = (
				"${PODS_PODFILE_DIR_PATH}/Podfile.lock",
				"${PODS_ROOT}/Manifest.lock",
			);
			name = "[CP] Check Pods Manifest.lock";
			outputFileListPaths = (
			);
			outputPaths = (
				"$(DERIVED_FILE_DIR)/Pods-MyRedditReader-MyRedditReaderUITests-checkManifestLockResult.txt",
			);
			runOnlyForDeploymentPostprocessing = 0;
			shellPath = /bin/sh;
			shellScript = "diff \"${PODS_PODFILE_DIR_PATH}/Podfile.lock\" \"${PODS_ROOT}/Manifest.lock\" > /dev/null\nif [ $? != 0 ] ; then\n    # print error to STDERR\n    echo \"error: The sandbox is not in sync with the Podfile.lock. Run 'pod install' or update your CocoaPods installation.\" >&2\n    exit 1\nfi\n# This output is used by Xcode 'outputs' to avoid re-running this script phase.\necho \"SUCCESS\" > \"${SCRIPT_OUTPUT_FILE_0}\"\n";
			showEnvVarsInLog = 0;
		};
		F1F7A55836E92AB5CEC1AC83 /* [CP] Check Pods Manifest.lock */ = {
			isa = PBXShellScriptBuildPhase;
			buildActionMask = 2147483647;
			files = (
			);
			inputFileListPaths = (
			);
			inputPaths = (
				"${PODS_PODFILE_DIR_PATH}/Podfile.lock",
				"${PODS_ROOT}/Manifest.lock",
			);
			name = "[CP] Check Pods Manifest.lock";
			outputFileListPaths = (
			);
			outputPaths = (
				"$(DERIVED_FILE_DIR)/Pods-MyRedditReader-checkManifestLockResult.txt",
			);
			runOnlyForDeploymentPostprocessing = 0;
			shellPath = /bin/sh;
			shellScript = "diff \"${PODS_PODFILE_DIR_PATH}/Podfile.lock\" \"${PODS_ROOT}/Manifest.lock\" > /dev/null\nif [ $? != 0 ] ; then\n    # print error to STDERR\n    echo \"error: The sandbox is not in sync with the Podfile.lock. Run 'pod install' or update your CocoaPods installation.\" >&2\n    exit 1\nfi\n# This output is used by Xcode 'outputs' to avoid re-running this script phase.\necho \"SUCCESS\" > \"${SCRIPT_OUTPUT_FILE_0}\"\n";
			showEnvVarsInLog = 0;
		};
/* End PBXShellScriptBuildPhase section */

/* Begin PBXSourcesBuildPhase section */
		01171D1129A65A83001BBE2F /* Sources */ = {
			isa = PBXSourcesBuildPhase;
			buildActionMask = 2147483647;
			files = (
				0169469B29AE43B7001A3A5C /* Double+Extensions.swift in Sources */,
				01171D1D29A65A83001BBE2F /* PostViewController.swift in Sources */,
				01C82E7629BA222C00C5B88E /* PostsSaverAndLoader.swift in Sources */,
				0169469929AE439A001A3A5C /* String+Extensions.swift in Sources */,
				01D0ED6629A79974007AE2D6 /* APIDataProcessor.swift in Sources */,
				0183E70A29A8FDC500238285 /* CodableData.swift in Sources */,
				01171D1929A65A83001BBE2F /* AppDelegate.swift in Sources */,
				010DCF8129B14F6A00C9E0F4 /* PostListViewController.swift in Sources */,
				010DCF8329B1502400C9E0F4 /* PostTableViewCell.swift in Sources */,
				01C82E7829BA226D00C5B88E /* PostProcessorDelegate.swift in Sources */,
				01171D1B29A65A83001BBE2F /* SceneDelegate.swift in Sources */,
				0159F1CA29B1591400B4CABF /* PostDetailsViewController.swift in Sources */,
				014BD7BB29B0FC9D00F99C50 /* PostView.swift in Sources */,
				01D0ED6829A7B4F5007AE2D6 /* Post.swift in Sources */,
			);
			runOnlyForDeploymentPostprocessing = 0;
		};
		01171D2729A65A85001BBE2F /* Sources */ = {
			isa = PBXSourcesBuildPhase;
			buildActionMask = 2147483647;
			files = (
				01171D3029A65A85001BBE2F /* MyRedditReaderTests.swift in Sources */,
			);
			runOnlyForDeploymentPostprocessing = 0;
		};
		01171D3129A65A85001BBE2F /* Sources */ = {
			isa = PBXSourcesBuildPhase;
			buildActionMask = 2147483647;
			files = (
				01171D3A29A65A85001BBE2F /* MyRedditReaderUITests.swift in Sources */,
				01171D3C29A65A85001BBE2F /* MyRedditReaderUITestsLaunchTests.swift in Sources */,
			);
			runOnlyForDeploymentPostprocessing = 0;
		};
/* End PBXSourcesBuildPhase section */

/* Begin PBXTargetDependency section */
		01171D2D29A65A85001BBE2F /* PBXTargetDependency */ = {
			isa = PBXTargetDependency;
			target = 01171D1429A65A83001BBE2F /* MyRedditReader */;
			targetProxy = 01171D2C29A65A85001BBE2F /* PBXContainerItemProxy */;
		};
		01171D3729A65A85001BBE2F /* PBXTargetDependency */ = {
			isa = PBXTargetDependency;
			target = 01171D1429A65A83001BBE2F /* MyRedditReader */;
			targetProxy = 01171D3629A65A85001BBE2F /* PBXContainerItemProxy */;
		};
/* End PBXTargetDependency section */

/* Begin PBXVariantGroup section */
		01171D1E29A65A83001BBE2F /* Main.storyboard */ = {
			isa = PBXVariantGroup;
			children = (
				01171D1F29A65A83001BBE2F /* Base */,
			);
			name = Main.storyboard;
			sourceTree = "<group>";
		};
		01171D2329A65A85001BBE2F /* LaunchScreen.storyboard */ = {
			isa = PBXVariantGroup;
			children = (
				01171D2429A65A85001BBE2F /* Base */,
			);
			name = LaunchScreen.storyboard;
			sourceTree = "<group>";
		};
/* End PBXVariantGroup section */

/* Begin XCBuildConfiguration section */
		01171D3D29A65A85001BBE2F /* Debug */ = {
			isa = XCBuildConfiguration;
			buildSettings = {
				ALWAYS_SEARCH_USER_PATHS = NO;
				CLANG_ANALYZER_NONNULL = YES;
				CLANG_ANALYZER_NUMBER_OBJECT_CONVERSION = YES_AGGRESSIVE;
				CLANG_CXX_LANGUAGE_STANDARD = "gnu++20";
				CLANG_ENABLE_MODULES = YES;
				CLANG_ENABLE_OBJC_ARC = YES;
				CLANG_ENABLE_OBJC_WEAK = YES;
				CLANG_WARN_BLOCK_CAPTURE_AUTORELEASING = YES;
				CLANG_WARN_BOOL_CONVERSION = YES;
				CLANG_WARN_COMMA = YES;
				CLANG_WARN_CONSTANT_CONVERSION = YES;
				CLANG_WARN_DEPRECATED_OBJC_IMPLEMENTATIONS = YES;
				CLANG_WARN_DIRECT_OBJC_ISA_USAGE = YES_ERROR;
				CLANG_WARN_DOCUMENTATION_COMMENTS = YES;
				CLANG_WARN_EMPTY_BODY = YES;
				CLANG_WARN_ENUM_CONVERSION = YES;
				CLANG_WARN_INFINITE_RECURSION = YES;
				CLANG_WARN_INT_CONVERSION = YES;
				CLANG_WARN_NON_LITERAL_NULL_CONVERSION = YES;
				CLANG_WARN_OBJC_IMPLICIT_RETAIN_SELF = YES;
				CLANG_WARN_OBJC_LITERAL_CONVERSION = YES;
				CLANG_WARN_OBJC_ROOT_CLASS = YES_ERROR;
				CLANG_WARN_QUOTED_INCLUDE_IN_FRAMEWORK_HEADER = YES;
				CLANG_WARN_RANGE_LOOP_ANALYSIS = YES;
				CLANG_WARN_STRICT_PROTOTYPES = YES;
				CLANG_WARN_SUSPICIOUS_MOVE = YES;
				CLANG_WARN_UNGUARDED_AVAILABILITY = YES_AGGRESSIVE;
				CLANG_WARN_UNREACHABLE_CODE = YES;
				CLANG_WARN__DUPLICATE_METHOD_MATCH = YES;
				COPY_PHASE_STRIP = NO;
				DEBUG_INFORMATION_FORMAT = dwarf;
				ENABLE_STRICT_OBJC_MSGSEND = YES;
				ENABLE_TESTABILITY = YES;
				GCC_C_LANGUAGE_STANDARD = gnu11;
				GCC_DYNAMIC_NO_PIC = NO;
				GCC_NO_COMMON_BLOCKS = YES;
				GCC_OPTIMIZATION_LEVEL = 0;
				GCC_PREPROCESSOR_DEFINITIONS = (
					"DEBUG=1",
					"$(inherited)",
				);
				GCC_WARN_64_TO_32_BIT_CONVERSION = YES;
				GCC_WARN_ABOUT_RETURN_TYPE = YES_ERROR;
				GCC_WARN_UNDECLARED_SELECTOR = YES;
				GCC_WARN_UNINITIALIZED_AUTOS = YES_AGGRESSIVE;
				GCC_WARN_UNUSED_FUNCTION = YES;
				GCC_WARN_UNUSED_VARIABLE = YES;
				IPHONEOS_DEPLOYMENT_TARGET = 16.2;
				MTL_ENABLE_DEBUG_INFO = INCLUDE_SOURCE;
				MTL_FAST_MATH = YES;
				ONLY_ACTIVE_ARCH = YES;
				SDKROOT = iphoneos;
				SWIFT_ACTIVE_COMPILATION_CONDITIONS = DEBUG;
				SWIFT_OPTIMIZATION_LEVEL = "-Onone";
			};
			name = Debug;
		};
		01171D3E29A65A85001BBE2F /* Release */ = {
			isa = XCBuildConfiguration;
			buildSettings = {
				ALWAYS_SEARCH_USER_PATHS = NO;
				CLANG_ANALYZER_NONNULL = YES;
				CLANG_ANALYZER_NUMBER_OBJECT_CONVERSION = YES_AGGRESSIVE;
				CLANG_CXX_LANGUAGE_STANDARD = "gnu++20";
				CLANG_ENABLE_MODULES = YES;
				CLANG_ENABLE_OBJC_ARC = YES;
				CLANG_ENABLE_OBJC_WEAK = YES;
				CLANG_WARN_BLOCK_CAPTURE_AUTORELEASING = YES;
				CLANG_WARN_BOOL_CONVERSION = YES;
				CLANG_WARN_COMMA = YES;
				CLANG_WARN_CONSTANT_CONVERSION = YES;
				CLANG_WARN_DEPRECATED_OBJC_IMPLEMENTATIONS = YES;
				CLANG_WARN_DIRECT_OBJC_ISA_USAGE = YES_ERROR;
				CLANG_WARN_DOCUMENTATION_COMMENTS = YES;
				CLANG_WARN_EMPTY_BODY = YES;
				CLANG_WARN_ENUM_CONVERSION = YES;
				CLANG_WARN_INFINITE_RECURSION = YES;
				CLANG_WARN_INT_CONVERSION = YES;
				CLANG_WARN_NON_LITERAL_NULL_CONVERSION = YES;
				CLANG_WARN_OBJC_IMPLICIT_RETAIN_SELF = YES;
				CLANG_WARN_OBJC_LITERAL_CONVERSION = YES;
				CLANG_WARN_OBJC_ROOT_CLASS = YES_ERROR;
				CLANG_WARN_QUOTED_INCLUDE_IN_FRAMEWORK_HEADER = YES;
				CLANG_WARN_RANGE_LOOP_ANALYSIS = YES;
				CLANG_WARN_STRICT_PROTOTYPES = YES;
				CLANG_WARN_SUSPICIOUS_MOVE = YES;
				CLANG_WARN_UNGUARDED_AVAILABILITY = YES_AGGRESSIVE;
				CLANG_WARN_UNREACHABLE_CODE = YES;
				CLANG_WARN__DUPLICATE_METHOD_MATCH = YES;
				COPY_PHASE_STRIP = NO;
				DEBUG_INFORMATION_FORMAT = "dwarf-with-dsym";
				ENABLE_NS_ASSERTIONS = NO;
				ENABLE_STRICT_OBJC_MSGSEND = YES;
				GCC_C_LANGUAGE_STANDARD = gnu11;
				GCC_NO_COMMON_BLOCKS = YES;
				GCC_WARN_64_TO_32_BIT_CONVERSION = YES;
				GCC_WARN_ABOUT_RETURN_TYPE = YES_ERROR;
				GCC_WARN_UNDECLARED_SELECTOR = YES;
				GCC_WARN_UNINITIALIZED_AUTOS = YES_AGGRESSIVE;
				GCC_WARN_UNUSED_FUNCTION = YES;
				GCC_WARN_UNUSED_VARIABLE = YES;
				IPHONEOS_DEPLOYMENT_TARGET = 16.2;
				MTL_ENABLE_DEBUG_INFO = NO;
				MTL_FAST_MATH = YES;
				SDKROOT = iphoneos;
				SWIFT_COMPILATION_MODE = wholemodule;
				SWIFT_OPTIMIZATION_LEVEL = "-O";
				VALIDATE_PRODUCT = YES;
			};
			name = Release;
		};
		01171D4029A65A85001BBE2F /* Debug */ = {
			isa = XCBuildConfiguration;
			baseConfigurationReference = 7D8357C4B8DBEBDA71D48521 /* Pods-MyRedditReader.debug.xcconfig */;
			buildSettings = {
				ASSETCATALOG_COMPILER_APPICON_NAME = AppIcon;
				ASSETCATALOG_COMPILER_GLOBAL_ACCENT_COLOR_NAME = AccentColor;
				CODE_SIGN_STYLE = Automatic;
				CURRENT_PROJECT_VERSION = 1;
				DEVELOPMENT_TEAM = WBCS4ZZ7R3;
				GENERATE_INFOPLIST_FILE = YES;
				INFOPLIST_FILE = MyRedditReader/Info.plist;
				INFOPLIST_KEY_UIApplicationSupportsIndirectInputEvents = YES;
				INFOPLIST_KEY_UILaunchStoryboardName = LaunchScreen;
				INFOPLIST_KEY_UIMainStoryboardFile = Main;
				INFOPLIST_KEY_UISupportedInterfaceOrientations_iPad = "UIInterfaceOrientationPortrait UIInterfaceOrientationPortraitUpsideDown UIInterfaceOrientationLandscapeLeft UIInterfaceOrientationLandscapeRight";
				INFOPLIST_KEY_UISupportedInterfaceOrientations_iPhone = "UIInterfaceOrientationPortrait UIInterfaceOrientationLandscapeLeft UIInterfaceOrientationLandscapeRight";
				LD_RUNPATH_SEARCH_PATHS = (
					"$(inherited)",
					"@executable_path/Frameworks",
				);
				MARKETING_VERSION = 1.0;
				PRODUCT_BUNDLE_IDENTIFIER = ua.edu.ukma.Borovik.MyRedditReader;
				PRODUCT_NAME = "$(TARGET_NAME)";
				SUPPORTED_PLATFORMS = "iphoneos iphonesimulator";
				SUPPORTS_MACCATALYST = NO;
				SUPPORTS_MAC_DESIGNED_FOR_IPHONE_IPAD = NO;
				SWIFT_EMIT_LOC_STRINGS = YES;
				SWIFT_VERSION = 5.0;
				TARGETED_DEVICE_FAMILY = 1;
			};
			name = Debug;
		};
		01171D4129A65A85001BBE2F /* Release */ = {
			isa = XCBuildConfiguration;
			baseConfigurationReference = 296D44003DE300F316CCD3DA /* Pods-MyRedditReader.release.xcconfig */;
			buildSettings = {
				ASSETCATALOG_COMPILER_APPICON_NAME = AppIcon;
				ASSETCATALOG_COMPILER_GLOBAL_ACCENT_COLOR_NAME = AccentColor;
				CODE_SIGN_STYLE = Automatic;
				CURRENT_PROJECT_VERSION = 1;
				DEVELOPMENT_TEAM = WBCS4ZZ7R3;
				GENERATE_INFOPLIST_FILE = YES;
				INFOPLIST_FILE = MyRedditReader/Info.plist;
				INFOPLIST_KEY_UIApplicationSupportsIndirectInputEvents = YES;
				INFOPLIST_KEY_UILaunchStoryboardName = LaunchScreen;
				INFOPLIST_KEY_UIMainStoryboardFile = Main;
				INFOPLIST_KEY_UISupportedInterfaceOrientations_iPad = "UIInterfaceOrientationPortrait UIInterfaceOrientationPortraitUpsideDown UIInterfaceOrientationLandscapeLeft UIInterfaceOrientationLandscapeRight";
				INFOPLIST_KEY_UISupportedInterfaceOrientations_iPhone = "UIInterfaceOrientationPortrait UIInterfaceOrientationLandscapeLeft UIInterfaceOrientationLandscapeRight";
				LD_RUNPATH_SEARCH_PATHS = (
					"$(inherited)",
					"@executable_path/Frameworks",
				);
				MARKETING_VERSION = 1.0;
				PRODUCT_BUNDLE_IDENTIFIER = ua.edu.ukma.Borovik.MyRedditReader;
				PRODUCT_NAME = "$(TARGET_NAME)";
				SUPPORTED_PLATFORMS = "iphoneos iphonesimulator";
				SUPPORTS_MACCATALYST = NO;
				SUPPORTS_MAC_DESIGNED_FOR_IPHONE_IPAD = NO;
				SWIFT_EMIT_LOC_STRINGS = YES;
				SWIFT_VERSION = 5.0;
				TARGETED_DEVICE_FAMILY = 1;
			};
			name = Release;
		};
		01171D4329A65A85001BBE2F /* Debug */ = {
			isa = XCBuildConfiguration;
			baseConfigurationReference = 7F4CB591A8B52371B3364D8A /* Pods-MyRedditReaderTests.debug.xcconfig */;
			buildSettings = {
				ALWAYS_EMBED_SWIFT_STANDARD_LIBRARIES = YES;
				BUNDLE_LOADER = "$(TEST_HOST)";
				CODE_SIGN_STYLE = Automatic;
				CURRENT_PROJECT_VERSION = 1;
				DEVELOPMENT_TEAM = VNU8KKW4GG;
				GENERATE_INFOPLIST_FILE = YES;
				IPHONEOS_DEPLOYMENT_TARGET = 16.2;
				MARKETING_VERSION = 1.0;
				PRODUCT_BUNDLE_IDENTIFIER = ua.edu.ukma.Borovik.MyRedditReaderTests;
				PRODUCT_NAME = "$(TARGET_NAME)";
				SWIFT_EMIT_LOC_STRINGS = NO;
				SWIFT_VERSION = 5.0;
				TARGETED_DEVICE_FAMILY = "1,2";
				TEST_HOST = "$(BUILT_PRODUCTS_DIR)/MyRedditReader.app/$(BUNDLE_EXECUTABLE_FOLDER_PATH)/MyRedditReader";
			};
			name = Debug;
		};
		01171D4429A65A85001BBE2F /* Release */ = {
			isa = XCBuildConfiguration;
			baseConfigurationReference = 99CF5EE3626116475EAF4B88 /* Pods-MyRedditReaderTests.release.xcconfig */;
			buildSettings = {
				ALWAYS_EMBED_SWIFT_STANDARD_LIBRARIES = YES;
				BUNDLE_LOADER = "$(TEST_HOST)";
				CODE_SIGN_STYLE = Automatic;
				CURRENT_PROJECT_VERSION = 1;
				DEVELOPMENT_TEAM = VNU8KKW4GG;
				GENERATE_INFOPLIST_FILE = YES;
				IPHONEOS_DEPLOYMENT_TARGET = 16.2;
				MARKETING_VERSION = 1.0;
				PRODUCT_BUNDLE_IDENTIFIER = ua.edu.ukma.Borovik.MyRedditReaderTests;
				PRODUCT_NAME = "$(TARGET_NAME)";
				SWIFT_EMIT_LOC_STRINGS = NO;
				SWIFT_VERSION = 5.0;
				TARGETED_DEVICE_FAMILY = "1,2";
				TEST_HOST = "$(BUILT_PRODUCTS_DIR)/MyRedditReader.app/$(BUNDLE_EXECUTABLE_FOLDER_PATH)/MyRedditReader";
			};
			name = Release;
		};
		01171D4629A65A85001BBE2F /* Debug */ = {
			isa = XCBuildConfiguration;
			baseConfigurationReference = 88C233CFF3D9F2ACE3364ADA /* Pods-MyRedditReader-MyRedditReaderUITests.debug.xcconfig */;
			buildSettings = {
				ALWAYS_EMBED_SWIFT_STANDARD_LIBRARIES = YES;
				CODE_SIGN_STYLE = Automatic;
				CURRENT_PROJECT_VERSION = 1;
				DEVELOPMENT_TEAM = VNU8KKW4GG;
				GENERATE_INFOPLIST_FILE = YES;
				MARKETING_VERSION = 1.0;
				PRODUCT_BUNDLE_IDENTIFIER = ua.edu.ukma.Borovik.MyRedditReaderUITests;
				PRODUCT_NAME = "$(TARGET_NAME)";
				SWIFT_EMIT_LOC_STRINGS = NO;
				SWIFT_VERSION = 5.0;
				TARGETED_DEVICE_FAMILY = "1,2";
				TEST_TARGET_NAME = MyRedditReader;
			};
			name = Debug;
		};
		01171D4729A65A85001BBE2F /* Release */ = {
			isa = XCBuildConfiguration;
			baseConfigurationReference = 631EC4F74B37E1A725F39D61 /* Pods-MyRedditReader-MyRedditReaderUITests.release.xcconfig */;
			buildSettings = {
				ALWAYS_EMBED_SWIFT_STANDARD_LIBRARIES = YES;
				CODE_SIGN_STYLE = Automatic;
				CURRENT_PROJECT_VERSION = 1;
				DEVELOPMENT_TEAM = VNU8KKW4GG;
				GENERATE_INFOPLIST_FILE = YES;
				MARKETING_VERSION = 1.0;
				PRODUCT_BUNDLE_IDENTIFIER = ua.edu.ukma.Borovik.MyRedditReaderUITests;
				PRODUCT_NAME = "$(TARGET_NAME)";
				SWIFT_EMIT_LOC_STRINGS = NO;
				SWIFT_VERSION = 5.0;
				TARGETED_DEVICE_FAMILY = "1,2";
				TEST_TARGET_NAME = MyRedditReader;
			};
			name = Release;
		};
/* End XCBuildConfiguration section */

/* Begin XCConfigurationList section */
		01171D1029A65A83001BBE2F /* Build configuration list for PBXProject "MyRedditReader" */ = {
			isa = XCConfigurationList;
			buildConfigurations = (
				01171D3D29A65A85001BBE2F /* Debug */,
				01171D3E29A65A85001BBE2F /* Release */,
			);
			defaultConfigurationIsVisible = 0;
			defaultConfigurationName = Release;
		};
		01171D3F29A65A85001BBE2F /* Build configuration list for PBXNativeTarget "MyRedditReader" */ = {
			isa = XCConfigurationList;
			buildConfigurations = (
				01171D4029A65A85001BBE2F /* Debug */,
				01171D4129A65A85001BBE2F /* Release */,
			);
			defaultConfigurationIsVisible = 0;
			defaultConfigurationName = Release;
		};
		01171D4229A65A85001BBE2F /* Build configuration list for PBXNativeTarget "MyRedditReaderTests" */ = {
			isa = XCConfigurationList;
			buildConfigurations = (
				01171D4329A65A85001BBE2F /* Debug */,
				01171D4429A65A85001BBE2F /* Release */,
			);
			defaultConfigurationIsVisible = 0;
			defaultConfigurationName = Release;
		};
		01171D4529A65A85001BBE2F /* Build configuration list for PBXNativeTarget "MyRedditReaderUITests" */ = {
			isa = XCConfigurationList;
			buildConfigurations = (
				01171D4629A65A85001BBE2F /* Debug */,
				01171D4729A65A85001BBE2F /* Release */,
			);
			defaultConfigurationIsVisible = 0;
			defaultConfigurationName = Release;
		};
/* End XCConfigurationList section */
	};
	rootObject = 01171D0D29A65A83001BBE2F /* Project object */;
}
