// !$*UTF8*$!
{
	archiveVersion = 1;
	classes = {
	};
	objectVersion = 56;
	objects = {

/* Begin PBXBuildFile section */
		01171D1929A65A83001BBE2F /* AppDelegate.swift in Sources */ = {isa = PBXBuildFile; fileRef = 01171D1829A65A83001BBE2F /* AppDelegate.swift */; };
		01171D1B29A65A83001BBE2F /* SceneDelegate.swift in Sources */ = {isa = PBXBuildFile; fileRef = 01171D1A29A65A83001BBE2F /* SceneDelegate.swift */; };
		01171D1D29A65A83001BBE2F /* ViewController.swift in Sources */ = {isa = PBXBuildFile; fileRef = 01171D1C29A65A83001BBE2F /* ViewController.swift */; };
		01171D2029A65A83001BBE2F /* Main.storyboard in Resources */ = {isa = PBXBuildFile; fileRef = 01171D1E29A65A83001BBE2F /* Main.storyboard */; };
		01171D2229A65A85001BBE2F /* Assets.xcassets in Resources */ = {isa = PBXBuildFile; fileRef = 01171D2129A65A85001BBE2F /* Assets.xcassets */; };
		01171D2529A65A85001BBE2F /* LaunchScreen.storyboard in Resources */ = {isa = PBXBuildFile; fileRef = 01171D2329A65A85001BBE2F /* LaunchScreen.storyboard */; };
		01171D3029A65A85001BBE2F /* MyRedditReaderTests.swift in Sources */ = {isa = PBXBuildFile; fileRef = 01171D2F29A65A85001BBE2F /* MyRedditReaderTests.swift */; };
		01171D3A29A65A85001BBE2F /* MyRedditReaderUITests.swift in Sources */ = {isa = PBXBuildFile; fileRef = 01171D3929A65A85001BBE2F /* MyRedditReaderUITests.swift */; };
		01171D3C29A65A85001BBE2F /* MyRedditReaderUITestsLaunchTests.swift in Sources */ = {isa = PBXBuildFile; fileRef = 01171D3B29A65A85001BBE2F /* MyRedditReaderUITestsLaunchTests.swift */; };
/* End PBXBuildFile section */

/* Begin PBXContainerItemProxy section */
		01171D2C29A65A85001BBE2F /* PBXContainerItemProxy */ = {
			isa = PBXContainerItemProxy;
			containerPortal = 01171D0D29A65A83001BBE2F /* Project object */;
			proxyType = 1;
			remoteGlobalIDString = 01171D1429A65A83001BBE2F;
			remoteInfo = MyRedditReader;
		};
		01171D3629A65A85001BBE2F /* PBXContainerItemProxy */ = {
			isa = PBXContainerItemProxy;
			containerPortal = 01171D0D29A65A83001BBE2F /* Project object */;
			proxyType = 1;
			remoteGlobalIDString = 01171D1429A65A83001BBE2F;
			remoteInfo = MyRedditReader;
		};
/* End PBXContainerItemProxy section */

/* Begin PBXFileReference section */
		01171D1529A65A83001BBE2F /* MyRedditReader.app */ = {isa = PBXFileReference; explicitFileType = wrapper.application; includeInIndex = 0; path = MyRedditReader.app; sourceTree = BUILT_PRODUCTS_DIR; };
		01171D1829A65A83001BBE2F /* AppDelegate.swift */ = {isa = PBXFileReference; lastKnownFileType = sourcecode.swift; path = AppDelegate.swift; sourceTree = "<group>"; };
		01171D1A29A65A83001BBE2F /* SceneDelegate.swift */ = {isa = PBXFileReference; lastKnownFileType = sourcecode.swift; path = SceneDelegate.swift; sourceTree = "<group>"; };
		01171D1C29A65A83001BBE2F /* ViewController.swift */ = {isa = PBXFileReference; lastKnownFileType = sourcecode.swift; path = ViewController.swift; sourceTree = "<group>"; };
		01171D1F29A65A83001BBE2F /* Base */ = {isa = PBXFileReference; lastKnownFileType = file.storyboard; name = Base; path = Base.lproj/Main.storyboard; sourceTree = "<group>"; };
		01171D2129A65A85001BBE2F /* Assets.xcassets */ = {isa = PBXFileReference; lastKnownFileType = folder.assetcatalog; path = Assets.xcassets; sourceTree = "<group>"; };
		01171D2429A65A85001BBE2F /* Base */ = {isa = PBXFileReference; lastKnownFileType = file.storyboard; name = Base; path = Base.lproj/LaunchScreen.storyboard; sourceTree = "<group>"; };
		01171D2629A65A85001BBE2F /* Info.plist */ = {isa = PBXFileReference; lastKnownFileType = text.plist.xml; path = Info.plist; sourceTree = "<group>"; };
		01171D2B29A65A85001BBE2F /* MyRedditReaderTests.xctest */ = {isa = PBXFileReference; explicitFileType = wrapper.cfbundle; includeInIndex = 0; path = MyRedditReaderTests.xctest; sourceTree = BUILT_PRODUCTS_DIR; };
		01171D2F29A65A85001BBE2F /* MyRedditReaderTests.swift */ = {isa = PBXFileReference; lastKnownFileType = sourcecode.swift; path = MyRedditReaderTests.swift; sourceTree = "<group>"; };
		01171D3529A65A85001BBE2F /* MyRedditReaderUITests.xctest */ = {isa = PBXFileReference; explicitFileType = wrapper.cfbundle; includeInIndex = 0; path = MyRedditReaderUITests.xctest; sourceTree = BUILT_PRODUCTS_DIR; };
		01171D3929A65A85001BBE2F /* MyRedditReaderUITests.swift */ = {isa = PBXFileReference; lastKnownFileType = sourcecode.swift; path = MyRedditReaderUITests.swift; sourceTree = "<group>"; };
		01171D3B29A65A85001BBE2F /* MyRedditReaderUITestsLaunchTests.swift */ = {isa = PBXFileReference; lastKnownFileType = sourcecode.swift; path = MyRedditReaderUITestsLaunchTests.swift; sourceTree = "<group>"; };
/* End PBXFileReference section */

/* Begin PBXFrameworksBuildPhase section */
		01171D1229A65A83001BBE2F /* Frameworks */ = {
			isa = PBXFrameworksBuildPhase;
			buildActionMask = 2147483647;
			files = (
			);
			runOnlyForDeploymentPostprocessing = 0;
		};
		01171D2829A65A85001BBE2F /* Frameworks */ = {
			isa = PBXFrameworksBuildPhase;
			buildActionMask = 2147483647;
			files = (
			);
			runOnlyForDeploymentPostprocessing = 0;
		};
		01171D3229A65A85001BBE2F /* Frameworks */ = {
			isa = PBXFrameworksBuildPhase;
			buildActionMask = 2147483647;
			files = (
			);
			runOnlyForDeploymentPostprocessing = 0;
		};
/* End PBXFrameworksBuildPhase section */

/* Begin PBXGroup section */
		01171D0C29A65A83001BBE2F = {
			isa = PBXGroup;
			children = (
				01171D1729A65A83001BBE2F /* MyRedditReader */,
				01171D2E29A65A85001BBE2F /* MyRedditReaderTests */,
				01171D3829A65A85001BBE2F /* MyRedditReaderUITests */,
				01171D1629A65A83001BBE2F /* Products */,
			);
			sourceTree = "<group>";
		};
		01171D1629A65A83001BBE2F /* Products */ = {
			isa = PBXGroup;
			children = (
				01171D1529A65A83001BBE2F /* MyRedditReader.app */,
				01171D2B29A65A85001BBE2F /* MyRedditReaderTests.xctest */,
				01171D3529A65A85001BBE2F /* MyRedditReaderUITests.xctest */,
			);
			name = Products;
			sourceTree = "<group>";
		};
		01171D1729A65A83001BBE2F /* MyRedditReader */ = {
			isa = PBXGroup;
			children = (
				01171D1829A65A83001BBE2F /* AppDelegate.swift */,
				01171D1A29A65A83001BBE2F /* SceneDelegate.swift */,
				01171D1C29A65A83001BBE2F /* ViewController.swift */,
				01171D1E29A65A83001BBE2F /* Main.storyboard */,
				01171D2129A65A85001BBE2F /* Assets.xcassets */,
				01171D2329A65A85001BBE2F /* LaunchScreen.storyboard */,
				01171D2629A65A85001BBE2F /* Info.plist */,
			);
			path = MyRedditReader;
			sourceTree = "<group>";
		};
		01171D2E29A65A85001BBE2F /* MyRedditReaderTests */ = {
			isa = PBXGroup;
			children = (
				01171D2F29A65A85001BBE2F /* MyRedditReaderTests.swift */,
			);
			path = MyRedditReaderTests;
			sourceTree = "<group>";
		};
		01171D3829A65A85001BBE2F /* MyRedditReaderUITests */ = {
			isa = PBXGroup;
			children = (
				01171D3929A65A85001BBE2F /* MyRedditReaderUITests.swift */,
				01171D3B29A65A85001BBE2F /* MyRedditReaderUITestsLaunchTests.swift */,
			);
			path = MyRedditReaderUITests;
			sourceTree = "<group>";
		};
/* End PBXGroup section */

/* Begin PBXNativeTarget section */
		01171D1429A65A83001BBE2F /* MyRedditReader */ = {
			isa = PBXNativeTarget;
			buildConfigurationList = 01171D3F29A65A85001BBE2F /* Build configuration list for PBXNativeTarget "MyRedditReader" */;
			buildPhases = (
				01171D1129A65A83001BBE2F /* Sources */,
				01171D1229A65A83001BBE2F /* Frameworks */,
				01171D1329A65A83001BBE2F /* Resources */,
			);
			buildRules = (
			);
			dependencies = (
			);
			name = MyRedditReader;
			productName = MyRedditReader;
			productReference = 01171D1529A65A83001BBE2F /* MyRedditReader.app */;
			productType = "com.apple.product-type.application";
		};
		01171D2A29A65A85001BBE2F /* MyRedditReaderTests */ = {
			isa = PBXNativeTarget;
			buildConfigurationList = 01171D4229A65A85001BBE2F /* Build configuration list for PBXNativeTarget "MyRedditReaderTests" */;
			buildPhases = (
				01171D2729A65A85001BBE2F /* Sources */,
				01171D2829A65A85001BBE2F /* Frameworks */,
				01171D2929A65A85001BBE2F /* Resources */,
			);
			buildRules = (
			);
			dependencies = (
				01171D2D29A65A85001BBE2F /* PBXTargetDependency */,
			);
			name = MyRedditReaderTests;
			productName = MyRedditReaderTests;
			productReference = 01171D2B29A65A85001BBE2F /* MyRedditReaderTests.xctest */;
			productType = "com.apple.product-type.bundle.unit-test";
		};
		01171D3429A65A85001BBE2F /* MyRedditReaderUITests */ = {
			isa = PBXNativeTarget;
			buildConfigurationList = 01171D4529A65A85001BBE2F /* Build configuration list for PBXNativeTarget "MyRedditReaderUITests" */;
			buildPhases = (
				01171D3129A65A85001BBE2F /* Sources */,
				01171D3229A65A85001BBE2F /* Frameworks */,
				01171D3329A65A85001BBE2F /* Resources */,
			);
			buildRules = (
			);
			dependencies = (
				01171D3729A65A85001BBE2F /* PBXTargetDependency */,
			);
			name = MyRedditReaderUITests;
			productName = MyRedditReaderUITests;
			productReference = 01171D3529A65A85001BBE2F /* MyRedditReaderUITests.xctest */;
			productType = "com.apple.product-type.bundle.ui-testing";
		};
/* End PBXNativeTarget section */

/* Begin PBXProject section */
		01171D0D29A65A83001BBE2F /* Project object */ = {
			isa = PBXProject;
			attributes = {
				BuildIndependentTargetsInParallel = 1;
				LastSwiftUpdateCheck = 1420;
				LastUpgradeCheck = 1420;
				TargetAttributes = {
					01171D1429A65A83001BBE2F = {
						CreatedOnToolsVersion = 14.2;
					};
					01171D2A29A65A85001BBE2F = {
						CreatedOnToolsVersion = 14.2;
						TestTargetID = 01171D1429A65A83001BBE2F;
					};
					01171D3429A65A85001BBE2F = {
						CreatedOnToolsVersion = 14.2;
						TestTargetID = 01171D1429A65A83001BBE2F;
					};
				};
			};
			buildConfigurationList = 01171D1029A65A83001BBE2F /* Build configuration list for PBXProject "MyRedditReader" */;
			compatibilityVersion = "Xcode 14.0";
			developmentRegion = en;
			hasScannedForEncodings = 0;
			knownRegions = (
				en,
				Base,
			);
			mainGroup = 01171D0C29A65A83001BBE2F;
			productRefGroup = 01171D1629A65A83001BBE2F /* Products */;
			projectDirPath = "";
			projectRoot = "";
			targets = (
				01171D1429A65A83001BBE2F /* MyRedditReader */,
				01171D2A29A65A85001BBE2F /* MyRedditReaderTests */,
				01171D3429A65A85001BBE2F /* MyRedditReaderUITests */,
			);
		};
/* End PBXProject section */

/* Begin PBXResourcesBuildPhase section */
		01171D1329A65A83001BBE2F /* Resources */ = {
			isa = PBXResourcesBuildPhase;
			buildActionMask = 2147483647;
			files = (
				01171D2529A65A85001BBE2F /* LaunchScreen.storyboard in Resources */,
				01171D2229A65A85001BBE2F /* Assets.xcassets in Resources */,
				01171D2029A65A83001BBE2F /* Main.storyboard in Resources */,
			);
			runOnlyForDeploymentPostprocessing = 0;
		};
		01171D2929A65A85001BBE2F /* Resources */ = {
			isa = PBXResourcesBuildPhase;
			buildActionMask = 2147483647;
			files = (
			);
			runOnlyForDeploymentPostprocessing = 0;
		};
		01171D3329A65A85001BBE2F /* Resources */ = {
			isa = PBXResourcesBuildPhase;
			buildActionMask = 2147483647;
			files = (
			);
			runOnlyForDeploymentPostprocessing = 0;
		};
/* End PBXResourcesBuildPhase section */

/* Begin PBXSourcesBuildPhase section */
		01171D1129A65A83001BBE2F /* Sources */ = {
			isa = PBXSourcesBuildPhase;
			buildActionMask = 2147483647;
			files = (
				01171D1D29A65A83001BBE2F /* ViewController.swift in Sources */,
				01171D1929A65A83001BBE2F /* AppDelegate.swift in Sources */,
				01171D1B29A65A83001BBE2F /* SceneDelegate.swift in Sources */,
			);
			runOnlyForDeploymentPostprocessing = 0;
		};
		01171D2729A65A85001BBE2F /* Sources */ = {
			isa = PBXSourcesBuildPhase;
			buildActionMask = 2147483647;
			files = (
				01171D3029A65A85001BBE2F /* MyRedditReaderTests.swift in Sources */,
			);
			runOnlyForDeploymentPostprocessing = 0;
		};
		01171D3129A65A85001BBE2F /* Sources */ = {
			isa = PBXSourcesBuildPhase;
			buildActionMask = 2147483647;
			files = (
				01171D3A29A65A85001BBE2F /* MyRedditReaderUITests.swift in Sources */,
				01171D3C29A65A85001BBE2F /* MyRedditReaderUITestsLaunchTests.swift in Sources */,
			);
			runOnlyForDeploymentPostprocessing = 0;
		};
/* End PBXSourcesBuildPhase section */

/* Begin PBXTargetDependency section */
		01171D2D29A65A85001BBE2F /* PBXTargetDependency */ = {
			isa = PBXTargetDependency;
			target = 01171D1429A65A83001BBE2F /* MyRedditReader */;
			targetProxy = 01171D2C29A65A85001BBE2F /* PBXContainerItemProxy */;
		};
		01171D3729A65A85001BBE2F /* PBXTargetDependency */ = {
			isa = PBXTargetDependency;
			target = 01171D1429A65A83001BBE2F /* MyRedditReader */;
			targetProxy = 01171D3629A65A85001BBE2F /* PBXContainerItemProxy */;
		};
/* End PBXTargetDependency section */

/* Begin PBXVariantGroup section */
		01171D1E29A65A83001BBE2F /* Main.storyboard */ = {
			isa = PBXVariantGroup;
			children = (
				01171D1F29A65A83001BBE2F /* Base */,
			);
			name = Main.storyboard;
			sourceTree = "<group>";
		};
		01171D2329A65A85001BBE2F /* LaunchScreen.storyboard */ = {
			isa = PBXVariantGroup;
			children = (
				01171D2429A65A85001BBE2F /* Base */,
			);
			name = LaunchScreen.storyboard;
			sourceTree = "<group>";
		};
/* End PBXVariantGroup section */

/* Begin XCBuildConfiguration section */
		01171D3D29A65A85001BBE2F /* Debug */ = {
			isa = XCBuildConfiguration;
			buildSettings = {
				ALWAYS_SEARCH_USER_PATHS = NO;
				CLANG_ANALYZER_NONNULL = YES;
				CLANG_ANALYZER_NUMBER_OBJECT_CONVERSION = YES_AGGRESSIVE;
				CLANG_CXX_LANGUAGE_STANDARD = "gnu++20";
				CLANG_ENABLE_MODULES = YES;
				CLANG_ENABLE_OBJC_ARC = YES;
				CLANG_ENABLE_OBJC_WEAK = YES;
				CLANG_WARN_BLOCK_CAPTURE_AUTORELEASING = YES;
				CLANG_WARN_BOOL_CONVERSION = YES;
				CLANG_WARN_COMMA = YES;
				CLANG_WARN_CONSTANT_CONVERSION = YES;
				CLANG_WARN_DEPRECATED_OBJC_IMPLEMENTATIONS = YES;
				CLANG_WARN_DIRECT_OBJC_ISA_USAGE = YES_ERROR;
				CLANG_WARN_DOCUMENTATION_COMMENTS = YES;
				CLANG_WARN_EMPTY_BODY = YES;
				CLANG_WARN_ENUM_CONVERSION = YES;
				CLANG_WARN_INFINITE_RECURSION = YES;
				CLANG_WARN_INT_CONVERSION = YES;
				CLANG_WARN_NON_LITERAL_NULL_CONVERSION = YES;
				CLANG_WARN_OBJC_IMPLICIT_RETAIN_SELF = YES;
				CLANG_WARN_OBJC_LITERAL_CONVERSION = YES;
				CLANG_WARN_OBJC_ROOT_CLASS = YES_ERROR;
				CLANG_WARN_QUOTED_INCLUDE_IN_FRAMEWORK_HEADER = YES;
				CLANG_WARN_RANGE_LOOP_ANALYSIS = YES;
				CLANG_WARN_STRICT_PROTOTYPES = YES;
				CLANG_WARN_SUSPICIOUS_MOVE = YES;
				CLANG_WARN_UNGUARDED_AVAILABILITY = YES_AGGRESSIVE;
				CLANG_WARN_UNREACHABLE_CODE = YES;
				CLANG_WARN__DUPLICATE_METHOD_MATCH = YES;
				COPY_PHASE_STRIP = NO;
				DEBUG_INFORMATION_FORMAT = dwarf;
				ENABLE_STRICT_OBJC_MSGSEND = YES;
				ENABLE_TESTABILITY = YES;
				GCC_C_LANGUAGE_STANDARD = gnu11;
				GCC_DYNAMIC_NO_PIC = NO;
				GCC_NO_COMMON_BLOCKS = YES;
				GCC_OPTIMIZATION_LEVEL = 0;
				GCC_PREPROCESSOR_DEFINITIONS = (
					"DEBUG=1",
					"$(inherited)",
				);
				GCC_WARN_64_TO_32_BIT_CONVERSION = YES;
				GCC_WARN_ABOUT_RETURN_TYPE = YES_ERROR;
				GCC_WARN_UNDECLARED_SELECTOR = YES;
				GCC_WARN_UNINITIALIZED_AUTOS = YES_AGGRESSIVE;
				GCC_WARN_UNUSED_FUNCTION = YES;
				GCC_WARN_UNUSED_VARIABLE = YES;
				IPHONEOS_DEPLOYMENT_TARGET = 16.2;
				MTL_ENABLE_DEBUG_INFO = INCLUDE_SOURCE;
				MTL_FAST_MATH = YES;
				ONLY_ACTIVE_ARCH = YES;
				SDKROOT = iphoneos;
				SWIFT_ACTIVE_COMPILATION_CONDITIONS = DEBUG;
				SWIFT_OPTIMIZATION_LEVEL = "-Onone";
			};
			name = Debug;
		};
		01171D3E29A65A85001BBE2F /* Release */ = {
			isa = XCBuildConfiguration;
			buildSettings = {
				ALWAYS_SEARCH_USER_PATHS = NO;
				CLANG_ANALYZER_NONNULL = YES;
				CLANG_ANALYZER_NUMBER_OBJECT_CONVERSION = YES_AGGRESSIVE;
				CLANG_CXX_LANGUAGE_STANDARD = "gnu++20";
				CLANG_ENABLE_MODULES = YES;
				CLANG_ENABLE_OBJC_ARC = YES;
				CLANG_ENABLE_OBJC_WEAK = YES;
				CLANG_WARN_BLOCK_CAPTURE_AUTORELEASING = YES;
				CLANG_WARN_BOOL_CONVERSION = YES;
				CLANG_WARN_COMMA = YES;
				CLANG_WARN_CONSTANT_CONVERSION = YES;
				CLANG_WARN_DEPRECATED_OBJC_IMPLEMENTATIONS = YES;
				CLANG_WARN_DIRECT_OBJC_ISA_USAGE = YES_ERROR;
				CLANG_WARN_DOCUMENTATION_COMMENTS = YES;
				CLANG_WARN_EMPTY_BODY = YES;
				CLANG_WARN_ENUM_CONVERSION = YES;
				CLANG_WARN_INFINITE_RECURSION = YES;
				CLANG_WARN_INT_CONVERSION = YES;
				CLANG_WARN_NON_LITERAL_NULL_CONVERSION = YES;
				CLANG_WARN_OBJC_IMPLICIT_RETAIN_SELF = YES;
				CLANG_WARN_OBJC_LITERAL_CONVERSION = YES;
				CLANG_WARN_OBJC_ROOT_CLASS = YES_ERROR;
				CLANG_WARN_QUOTED_INCLUDE_IN_FRAMEWORK_HEADER = YES;
				CLANG_WARN_RANGE_LOOP_ANALYSIS = YES;
				CLANG_WARN_STRICT_PROTOTYPES = YES;
				CLANG_WARN_SUSPICIOUS_MOVE = YES;
				CLANG_WARN_UNGUARDED_AVAILABILITY = YES_AGGRESSIVE;
				CLANG_WARN_UNREACHABLE_CODE = YES;
				CLANG_WARN__DUPLICATE_METHOD_MATCH = YES;
				COPY_PHASE_STRIP = NO;
				DEBUG_INFORMATION_FORMAT = "dwarf-with-dsym";
				ENABLE_NS_ASSERTIONS = NO;
				ENABLE_STRICT_OBJC_MSGSEND = YES;
				GCC_C_LANGUAGE_STANDARD = gnu11;
				GCC_NO_COMMON_BLOCKS = YES;
				GCC_WARN_64_TO_32_BIT_CONVERSION = YES;
				GCC_WARN_ABOUT_RETURN_TYPE = YES_ERROR;
				GCC_WARN_UNDECLARED_SELECTOR = YES;
				GCC_WARN_UNINITIALIZED_AUTOS = YES_AGGRESSIVE;
				GCC_WARN_UNUSED_FUNCTION = YES;
				GCC_WARN_UNUSED_VARIABLE = YES;
				IPHONEOS_DEPLOYMENT_TARGET = 16.2;
				MTL_ENABLE_DEBUG_INFO = NO;
				MTL_FAST_MATH = YES;
				SDKROOT = iphoneos;
				SWIFT_COMPILATION_MODE = wholemodule;
				SWIFT_OPTIMIZATION_LEVEL = "-O";
				VALIDATE_PRODUCT = YES;
			};
			name = Release;
		};
		01171D4029A65A85001BBE2F /* Debug */ = {
			isa = XCBuildConfiguration;
			buildSettings = {
				ASSETCATALOG_COMPILER_APPICON_NAME = AppIcon;
				ASSETCATALOG_COMPILER_GLOBAL_ACCENT_COLOR_NAME = AccentColor;
				CODE_SIGN_STYLE = Automatic;
				CURRENT_PROJECT_VERSION = 1;
				DEVELOPMENT_TEAM = VNU8KKW4GG;
				GENERATE_INFOPLIST_FILE = YES;
				INFOPLIST_FILE = MyRedditReader/Info.plist;
				INFOPLIST_KEY_UIApplicationSupportsIndirectInputEvents = YES;
				INFOPLIST_KEY_UILaunchStoryboardName = LaunchScreen;
				INFOPLIST_KEY_UIMainStoryboardFile = Main;
				INFOPLIST_KEY_UISupportedInterfaceOrientations_iPad = "UIInterfaceOrientationPortrait UIInterfaceOrientationPortraitUpsideDown UIInterfaceOrientationLandscapeLeft UIInterfaceOrientationLandscapeRight";
				INFOPLIST_KEY_UISupportedInterfaceOrientations_iPhone = "UIInterfaceOrientationPortrait UIInterfaceOrientationLandscapeLeft UIInterfaceOrientationLandscapeRight";
				LD_RUNPATH_SEARCH_PATHS = (
					"$(inherited)",
					"@executable_path/Frameworks",
				);
				MARKETING_VERSION = 1.0;
				PRODUCT_BUNDLE_IDENTIFIER = ua.edu.ukma.Borovik.MyRedditReader;
				PRODUCT_NAME = "$(TARGET_NAME)";
				SWIFT_EMIT_LOC_STRINGS = YES;
				SWIFT_VERSION = 5.0;
				TARGETED_DEVICE_FAMILY = "1,2";
			};
			name = Debug;
		};
		01171D4129A65A85001BBE2F /* Release */ = {
			isa = XCBuildConfiguration;
			buildSettings = {
				ASSETCATALOG_COMPILER_APPICON_NAME = AppIcon;
				ASSETCATALOG_COMPILER_GLOBAL_ACCENT_COLOR_NAME = AccentColor;
				CODE_SIGN_STYLE = Automatic;
				CURRENT_PROJECT_VERSION = 1;
				DEVELOPMENT_TEAM = VNU8KKW4GG;
				GENERATE_INFOPLIST_FILE = YES;
				INFOPLIST_FILE = MyRedditReader/Info.plist;
				INFOPLIST_KEY_UIApplicationSupportsIndirectInputEvents = YES;
				INFOPLIST_KEY_UILaunchStoryboardName = LaunchScreen;
				INFOPLIST_KEY_UIMainStoryboardFile = Main;
				INFOPLIST_KEY_UISupportedInterfaceOrientations_iPad = "UIInterfaceOrientationPortrait UIInterfaceOrientationPortraitUpsideDown UIInterfaceOrientationLandscapeLeft UIInterfaceOrientationLandscapeRight";
				INFOPLIST_KEY_UISupportedInterfaceOrientations_iPhone = "UIInterfaceOrientationPortrait UIInterfaceOrientationLandscapeLeft UIInterfaceOrientationLandscapeRight";
				LD_RUNPATH_SEARCH_PATHS = (
					"$(inherited)",
					"@executable_path/Frameworks",
				);
				MARKETING_VERSION = 1.0;
				PRODUCT_BUNDLE_IDENTIFIER = ua.edu.ukma.Borovik.MyRedditReader;
				PRODUCT_NAME = "$(TARGET_NAME)";
				SWIFT_EMIT_LOC_STRINGS = YES;
				SWIFT_VERSION = 5.0;
				TARGETED_DEVICE_FAMILY = "1,2";
			};
			name = Release;
		};
		01171D4329A65A85001BBE2F /* Debug */ = {
			isa = XCBuildConfiguration;
			buildSettings = {
				ALWAYS_EMBED_SWIFT_STANDARD_LIBRARIES = YES;
				BUNDLE_LOADER = "$(TEST_HOST)";
				CODE_SIGN_STYLE = Automatic;
				CURRENT_PROJECT_VERSION = 1;
				DEVELOPMENT_TEAM = VNU8KKW4GG;
				GENERATE_INFOPLIST_FILE = YES;
				IPHONEOS_DEPLOYMENT_TARGET = 16.2;
				MARKETING_VERSION = 1.0;
				PRODUCT_BUNDLE_IDENTIFIER = ua.edu.ukma.Borovik.MyRedditReaderTests;
				PRODUCT_NAME = "$(TARGET_NAME)";
				SWIFT_EMIT_LOC_STRINGS = NO;
				SWIFT_VERSION = 5.0;
				TARGETED_DEVICE_FAMILY = "1,2";
				TEST_HOST = "$(BUILT_PRODUCTS_DIR)/MyRedditReader.app/$(BUNDLE_EXECUTABLE_FOLDER_PATH)/MyRedditReader";
			};
			name = Debug;
		};
		01171D4429A65A85001BBE2F /* Release */ = {
			isa = XCBuildConfiguration;
			buildSettings = {
				ALWAYS_EMBED_SWIFT_STANDARD_LIBRARIES = YES;
				BUNDLE_LOADER = "$(TEST_HOST)";
				CODE_SIGN_STYLE = Automatic;
				CURRENT_PROJECT_VERSION = 1;
				DEVELOPMENT_TEAM = VNU8KKW4GG;
				GENERATE_INFOPLIST_FILE = YES;
				IPHONEOS_DEPLOYMENT_TARGET = 16.2;
				MARKETING_VERSION = 1.0;
				PRODUCT_BUNDLE_IDENTIFIER = ua.edu.ukma.Borovik.MyRedditReaderTests;
				PRODUCT_NAME = "$(TARGET_NAME)";
				SWIFT_EMIT_LOC_STRINGS = NO;
				SWIFT_VERSION = 5.0;
				TARGETED_DEVICE_FAMILY = "1,2";
				TEST_HOST = "$(BUILT_PRODUCTS_DIR)/MyRedditReader.app/$(BUNDLE_EXECUTABLE_FOLDER_PATH)/MyRedditReader";
			};
			name = Release;
		};
		01171D4629A65A85001BBE2F /* Debug */ = {
			isa = XCBuildConfiguration;
			buildSettings = {
				ALWAYS_EMBED_SWIFT_STANDARD_LIBRARIES = YES;
				CODE_SIGN_STYLE = Automatic;
				CURRENT_PROJECT_VERSION = 1;
				DEVELOPMENT_TEAM = VNU8KKW4GG;
				GENERATE_INFOPLIST_FILE = YES;
				MARKETING_VERSION = 1.0;
				PRODUCT_BUNDLE_IDENTIFIER = ua.edu.ukma.Borovik.MyRedditReaderUITests;
				PRODUCT_NAME = "$(TARGET_NAME)";
				SWIFT_EMIT_LOC_STRINGS = NO;
				SWIFT_VERSION = 5.0;
				TARGETED_DEVICE_FAMILY = "1,2";
				TEST_TARGET_NAME = MyRedditReader;
			};
			name = Debug;
		};
		01171D4729A65A85001BBE2F /* Release */ = {
			isa = XCBuildConfiguration;
			buildSettings = {
				ALWAYS_EMBED_SWIFT_STANDARD_LIBRARIES = YES;
				CODE_SIGN_STYLE = Automatic;
				CURRENT_PROJECT_VERSION = 1;
				DEVELOPMENT_TEAM = VNU8KKW4GG;
				GENERATE_INFOPLIST_FILE = YES;
				MARKETING_VERSION = 1.0;
				PRODUCT_BUNDLE_IDENTIFIER = ua.edu.ukma.Borovik.MyRedditReaderUITests;
				PRODUCT_NAME = "$(TARGET_NAME)";
				SWIFT_EMIT_LOC_STRINGS = NO;
				SWIFT_VERSION = 5.0;
				TARGETED_DEVICE_FAMILY = "1,2";
				TEST_TARGET_NAME = MyRedditReader;
			};
			name = Release;
		};
/* End XCBuildConfiguration section */

/* Begin XCConfigurationList section */
		01171D1029A65A83001BBE2F /* Build configuration list for PBXProject "MyRedditReader" */ = {
			isa = XCConfigurationList;
			buildConfigurations = (
				01171D3D29A65A85001BBE2F /* Debug */,
				01171D3E29A65A85001BBE2F /* Release */,
			);
			defaultConfigurationIsVisible = 0;
			defaultConfigurationName = Release;
		};
		01171D3F29A65A85001BBE2F /* Build configuration list for PBXNativeTarget "MyRedditReader" */ = {
			isa = XCConfigurationList;
			buildConfigurations = (
				01171D4029A65A85001BBE2F /* Debug */,
				01171D4129A65A85001BBE2F /* Release */,
			);
			defaultConfigurationIsVisible = 0;
			defaultConfigurationName = Release;
		};
		01171D4229A65A85001BBE2F /* Build configuration list for PBXNativeTarget "MyRedditReaderTests" */ = {
			isa = XCConfigurationList;
			buildConfigurations = (
				01171D4329A65A85001BBE2F /* Debug */,
				01171D4429A65A85001BBE2F /* Release */,
			);
			defaultConfigurationIsVisible = 0;
			defaultConfigurationName = Release;
		};
		01171D4529A65A85001BBE2F /* Build configuration list for PBXNativeTarget "MyRedditReaderUITests" */ = {
			isa = XCConfigurationList;
			buildConfigurations = (
				01171D4629A65A85001BBE2F /* Debug */,
				01171D4729A65A85001BBE2F /* Release */,
			);
			defaultConfigurationIsVisible = 0;
			defaultConfigurationName = Release;
		};
/* End XCConfigurationList section */
	};
	rootObject = 01171D0D29A65A83001BBE2F /* Project object */;
}
